
Microsoft Visual Studio Solution File, Format Version 12.00
# Visual Studio Version 16
VisualStudioVersion = 16.0.32413.511
MinimumVisualStudioVersion = 10.0.40219.1
Project("{FAE04EC0-301F-11D3-BF4B-00C04F79EFBC}") = "MiddleNumber", "MiddleNumber.csproj", "{320162F1-0A8B-40E0-8723-4448A392C37F}"
EndProject
Global
	GlobalSection(SolutionConfigurationPlatforms) = preSolution
		Debug|Any CPU = Debug|Any CPU
		Release|Any CPU = Release|Any CPU
	EndGlobalSection
	GlobalSection(ProjectConfigurationPlatforms) = postSolution
		{320162F1-0A8B-40E0-8723-4448A392C37F}.Debug|Any CPU.ActiveCfg = Debug|Any CPU
		{320162F1-0A8B-40E0-8723-4448A392C37F}.Debug|Any CPU.Build.0 = Debug|Any CPU
		{320162F1-0A8B-40E0-8723-4448A392C37F}.Release|Any CPU.ActiveCfg = Release|Any CPU
		{320162F1-0A8B-40E0-8723-4448A392C37F}.Release|Any CPU.Build.0 = Release|Any CPU
	EndGlobalSection
	GlobalSection(SolutionProperties) = preSolution
		HideSolutionNode = FALSE
	EndGlobalSection
	GlobalSection(ExtensibilityGlobals) = postSolution
		SolutionGuid = {D5336D57-F7E7-4555-973E-0231BC840D73}
	EndGlobalSection
EndGlobal
